{
  "name": "cook-guide",
  "version": "1.0.0",
  "lockfileVersion": 3,
  "requires": true,
  "packages": {
    "": {
      "name": "cook-guide",
      "version": "1.0.0",
      "workspaces": [
        "frontend",
        "backend",
        "shared"
      ],
      "engines": {
        "node": ">=18.0.0",
        "npm": ">=9.0.0"
      }
    }
  }
}
